
Microsoft Visual Studio Solution File, Format Version 12.00
# Visual Studio Version 16
VisualStudioVersion = 16.0.29306.81
MinimumVisualStudioVersion = 10.0.40219.1
Project("{FAE04EC0-301F-11D3-BF4B-00C04F79EFBC}") = "draw_2020.1.19", "draw_2020.1.19\draw_2020.1.19.csproj", "{584D17F8-0FAD-4CB7-A7CC-170C07E934E5}"
EndProject
Global
	GlobalSection(SolutionConfigurationPlatforms) = preSolution
		Debug|Any CPU = Debug|Any CPU
		Release|Any CPU = Release|Any CPU
	EndGlobalSection
	GlobalSection(ProjectConfigurationPlatforms) = postSolution
		{584D17F8-0FAD-4CB7-A7CC-170C07E934E5}.Debug|Any CPU.ActiveCfg = Debug|Any CPU
		{584D17F8-0FAD-4CB7-A7CC-170C07E934E5}.Debug|Any CPU.Build.0 = Debug|Any CPU
		{584D17F8-0FAD-4CB7-A7CC-170C07E934E5}.Release|Any CPU.ActiveCfg = Release|Any CPU
		{584D17F8-0FAD-4CB7-A7CC-170C07E934E5}.Release|Any CPU.Build.0 = Release|Any CPU
	EndGlobalSection
	GlobalSection(SolutionProperties) = preSolution
		HideSolutionNode = FALSE
	EndGlobalSection
	GlobalSection(ExtensibilityGlobals) = postSolution
		SolutionGuid = {14F2F01D-E8FF-4D15-A206-F99ACA3F0E78}
	EndGlobalSection
EndGlobal
